
Microsoft Visual Studio Solution File, Format Version 12.00
# Visual Studio 2012
Project("{FAE04EC0-301F-11D3-BF4B-00C04F79EFBC}") = "SaudiEvents.iOS", "iOS\SaudiEvents.iOS.csproj", "{E955D95A-BD9E-4219-9C70-AB7CA864396F}"
EndProject
Project("{FAE04EC0-301F-11D3-BF4B-00C04F79EFBC}") = "SaudiEvents.Droid", "Droid\SaudiEvents.Droid.csproj", "{E4C138DC-B55F-4A29-84E8-018D46D6F543}"
EndProject
Project("{FAE04EC0-301F-11D3-BF4B-00C04F79EFBC}") = "SaudiEvents", "SaudiEvents\SaudiEvents.csproj", "{C6C8685D-64AA-4260-BA90-C822A4E0D033}"
EndProject
Global
	GlobalSection(SolutionConfigurationPlatforms) = preSolution
		Debug|Any CPU = Debug|Any CPU
		Release|Any CPU = Release|Any CPU
		Debug|iPhoneSimulator = Debug|iPhoneSimulator
		Release|iPhone = Release|iPhone
		Release|iPhoneSimulator = Release|iPhoneSimulator
		Debug|iPhone = Debug|iPhone
	EndGlobalSection
	GlobalSection(ProjectConfigurationPlatforms) = postSolution
		{E955D95A-BD9E-4219-9C70-AB7CA864396F}.Debug|Any CPU.ActiveCfg = Debug|iPhoneSimulator
		{E955D95A-BD9E-4219-9C70-AB7CA864396F}.Debug|Any CPU.Build.0 = Debug|iPhoneSimulator
		{E955D95A-BD9E-4219-9C70-AB7CA864396F}.Release|Any CPU.ActiveCfg = Release|iPhone
		{E955D95A-BD9E-4219-9C70-AB7CA864396F}.Release|Any CPU.Build.0 = Release|iPhone
		{E955D95A-BD9E-4219-9C70-AB7CA864396F}.Debug|iPhoneSimulator.ActiveCfg = Debug|iPhoneSimulator
		{E955D95A-BD9E-4219-9C70-AB7CA864396F}.Debug|iPhoneSimulator.Build.0 = Debug|iPhoneSimulator
		{E955D95A-BD9E-4219-9C70-AB7CA864396F}.Release|iPhone.ActiveCfg = Release|iPhone
		{E955D95A-BD9E-4219-9C70-AB7CA864396F}.Release|iPhone.Build.0 = Release|iPhone
		{E955D95A-BD9E-4219-9C70-AB7CA864396F}.Release|iPhoneSimulator.ActiveCfg = Release|iPhoneSimulator
		{E955D95A-BD9E-4219-9C70-AB7CA864396F}.Release|iPhoneSimulator.Build.0 = Release|iPhoneSimulator
		{E955D95A-BD9E-4219-9C70-AB7CA864396F}.Debug|iPhone.ActiveCfg = Debug|iPhone
		{E955D95A-BD9E-4219-9C70-AB7CA864396F}.Debug|iPhone.Build.0 = Debug|iPhone
		{E4C138DC-B55F-4A29-84E8-018D46D6F543}.Debug|Any CPU.ActiveCfg = Debug|Any CPU
		{E4C138DC-B55F-4A29-84E8-018D46D6F543}.Debug|Any CPU.Build.0 = Debug|Any CPU
		{E4C138DC-B55F-4A29-84E8-018D46D6F543}.Release|Any CPU.ActiveCfg = Release|Any CPU
		{E4C138DC-B55F-4A29-84E8-018D46D6F543}.Release|Any CPU.Build.0 = Release|Any CPU
		{E4C138DC-B55F-4A29-84E8-018D46D6F543}.Debug|iPhoneSimulator.ActiveCfg = Debug|Any CPU
		{E4C138DC-B55F-4A29-84E8-018D46D6F543}.Debug|iPhoneSimulator.Build.0 = Debug|Any CPU
		{E4C138DC-B55F-4A29-84E8-018D46D6F543}.Release|iPhone.ActiveCfg = Release|Any CPU
		{E4C138DC-B55F-4A29-84E8-018D46D6F543}.Release|iPhone.Build.0 = Release|Any CPU
		{E4C138DC-B55F-4A29-84E8-018D46D6F543}.Release|iPhoneSimulator.ActiveCfg = Release|Any CPU
		{E4C138DC-B55F-4A29-84E8-018D46D6F543}.Release|iPhoneSimulator.Build.0 = Release|Any CPU
		{E4C138DC-B55F-4A29-84E8-018D46D6F543}.Debug|iPhone.ActiveCfg = Debug|Any CPU
		{E4C138DC-B55F-4A29-84E8-018D46D6F543}.Debug|iPhone.Build.0 = Debug|Any CPU
		{C6C8685D-64AA-4260-BA90-C822A4E0D033}.Debug|Any CPU.ActiveCfg = Debug|Any CPU
		{C6C8685D-64AA-4260-BA90-C822A4E0D033}.Debug|Any CPU.Build.0 = Debug|Any CPU
		{C6C8685D-64AA-4260-BA90-C822A4E0D033}.Release|Any CPU.ActiveCfg = Release|Any CPU
		{C6C8685D-64AA-4260-BA90-C822A4E0D033}.Release|Any CPU.Build.0 = Release|Any CPU
		{C6C8685D-64AA-4260-BA90-C822A4E0D033}.Debug|iPhoneSimulator.ActiveCfg = Debug|Any CPU
		{C6C8685D-64AA-4260-BA90-C822A4E0D033}.Debug|iPhoneSimulator.Build.0 = Debug|Any CPU
		{C6C8685D-64AA-4260-BA90-C822A4E0D033}.Release|iPhone.ActiveCfg = Release|Any CPU
		{C6C8685D-64AA-4260-BA90-C822A4E0D033}.Release|iPhone.Build.0 = Release|Any CPU
		{C6C8685D-64AA-4260-BA90-C822A4E0D033}.Release|iPhoneSimulator.ActiveCfg = Release|Any CPU
		{C6C8685D-64AA-4260-BA90-C822A4E0D033}.Release|iPhoneSimulator.Build.0 = Release|Any CPU
		{C6C8685D-64AA-4260-BA90-C822A4E0D033}.Debug|iPhone.ActiveCfg = Debug|Any CPU
		{C6C8685D-64AA-4260-BA90-C822A4E0D033}.Debug|iPhone.Build.0 = Debug|Any CPU
	EndGlobalSection
EndGlobal
